
Microsoft Visual Studio Solution File, Format Version 12.00
# Visual Studio Version 17
VisualStudioVersion = 17.6.33829.357
MinimumVisualStudioVersion = 10.0.40219.1
Project("{FAE04EC0-301F-11D3-BF4B-00C04F79EFBC}") = "ejemplo1", "ejemplo1\ejemplo1.csproj", "{7E791CDB-5D60-43DB-BAFE-0887F3890B4F}"
EndProject
Project("{FAE04EC0-301F-11D3-BF4B-00C04F79EFBC}") = "ejemplo2", "ejemplo2\ejemplo2.csproj", "{69EC04DF-351A-42A4-833D-BE530E658B32}"
EndProject
Global
	GlobalSection(SolutionConfigurationPlatforms) = preSolution
		Debug|Any CPU = Debug|Any CPU
		Release|Any CPU = Release|Any CPU
	EndGlobalSection
	GlobalSection(ProjectConfigurationPlatforms) = postSolution
		{7E791CDB-5D60-43DB-BAFE-0887F3890B4F}.Debug|Any CPU.ActiveCfg = Debug|Any CPU
		{7E791CDB-5D60-43DB-BAFE-0887F3890B4F}.Debug|Any CPU.Build.0 = Debug|Any CPU
		{7E791CDB-5D60-43DB-BAFE-0887F3890B4F}.Release|Any CPU.ActiveCfg = Release|Any CPU
		{7E791CDB-5D60-43DB-BAFE-0887F3890B4F}.Release|Any CPU.Build.0 = Release|Any CPU
		{69EC04DF-351A-42A4-833D-BE530E658B32}.Debug|Any CPU.ActiveCfg = Debug|Any CPU
		{69EC04DF-351A-42A4-833D-BE530E658B32}.Debug|Any CPU.Build.0 = Debug|Any CPU
		{69EC04DF-351A-42A4-833D-BE530E658B32}.Release|Any CPU.ActiveCfg = Release|Any CPU
		{69EC04DF-351A-42A4-833D-BE530E658B32}.Release|Any CPU.Build.0 = Release|Any CPU
	EndGlobalSection
	GlobalSection(SolutionProperties) = preSolution
		HideSolutionNode = FALSE
	EndGlobalSection
	GlobalSection(ExtensibilityGlobals) = postSolution
		SolutionGuid = {6C58AC23-23A4-42DF-92AD-A31045245D53}
	EndGlobalSection
EndGlobal
